github.com/mackerelio/go-osstat v0.2.1 h1:5AeAcBEutEErAOlDz6WCkEvm6AKYgHTUQrfwm5RbeQc=
github.com/mackerelio/go-osstat v0.2.1/go.mod h1:UzRL8dMCCTqG5WdRtsxbuljMpZt9PCAGXqxPst5QtaY=
github.com/pbnjay/memory v0.0.0-20210728143218-7b4eea64cf58 h1:onHthvaw9LFnH4t2DcNVpwGmV9E1BkGknEliJkfwQj0=
github.com/pbnjay/memory v0.0.0-20210728143218-7b4eea64cf58/go.mod h1:DXv8WO4yhMYhSNPKjeNKa5WY9YCIEBRbNzFFPJbWO6Y=
github.com/ricochet2200/go-disk-usage/du v0.0.0-20210707232629-ac9918953285 h1:d54EL9l+XteliUfUCGsEwwuk65dmmxX85VXF+9T6+50=
github.com/ricochet2200/go-disk-usage/du v0.0.0-20210707232629-ac9918953285/go.mod h1:fxIDly1xtudczrZeOOlfaUvd2OPb2qZAPuWdU2BsBTk=
golang.org/x/sys v0.0.0-20210113181707-4bcb84eeeb78/go.mod h1:h1NjWce9XRLGQEsW7wpKNCjG9DtNlClVuFLEZdDNbEs=
